
Microsoft Visual Studio Solution File, Format Version 12.00
# Visual Studio Version 17
VisualStudioVersion = 17.5.002.0
MinimumVisualStudioVersion = 10.0.40219.1
Project("{9A19103F-16F7-4668-BE54-9A1E7A4F7556}") = "controle-estoque", "controle-estoque.csproj", "{D04AA2F6-708E-4030-A6EF-AFD851CCADD3}"
EndProject
Global
	GlobalSection(SolutionConfigurationPlatforms) = preSolution
		Debug|Any CPU = Debug|Any CPU
		Release|Any CPU = Release|Any CPU
	EndGlobalSection
	GlobalSection(ProjectConfigurationPlatforms) = postSolution
		{D04AA2F6-708E-4030-A6EF-AFD851CCADD3}.Debug|Any CPU.ActiveCfg = Debug|Any CPU
		{D04AA2F6-708E-4030-A6EF-AFD851CCADD3}.Debug|Any CPU.Build.0 = Debug|Any CPU
		{D04AA2F6-708E-4030-A6EF-AFD851CCADD3}.Release|Any CPU.ActiveCfg = Release|Any CPU
		{D04AA2F6-708E-4030-A6EF-AFD851CCADD3}.Release|Any CPU.Build.0 = Release|Any CPU
	EndGlobalSection
	GlobalSection(SolutionProperties) = preSolution
		HideSolutionNode = FALSE
	EndGlobalSection
	GlobalSection(ExtensibilityGlobals) = postSolution
		SolutionGuid = {73AA7FDF-594D-44F7-A13F-D25E616F8A8D}
	EndGlobalSection
EndGlobal
